
Microsoft Visual Studio Solution File, Format Version 12.00
# Visual Studio Version 16
VisualStudioVersion = 16.0.30717.126
MinimumVisualStudioVersion = 10.0.40219.1
Project("{FAE04EC0-301F-11D3-BF4B-00C04F79EFBC}") = "ScanAndHoard", "ScanAndHoard\ScanAndHoard.csproj", "{E32E7E64-DEC9-407B-B256-975AE18CB24D}"
EndProject
Global
	GlobalSection(SolutionConfigurationPlatforms) = preSolution
		Debug|Any CPU = Debug|Any CPU
		Release|Any CPU = Release|Any CPU
	EndGlobalSection
	GlobalSection(ProjectConfigurationPlatforms) = postSolution
		{E32E7E64-DEC9-407B-B256-975AE18CB24D}.Debug|Any CPU.ActiveCfg = Debug|Any CPU
		{E32E7E64-DEC9-407B-B256-975AE18CB24D}.Debug|Any CPU.Build.0 = Debug|Any CPU
		{E32E7E64-DEC9-407B-B256-975AE18CB24D}.Release|Any CPU.ActiveCfg = Release|Any CPU
		{E32E7E64-DEC9-407B-B256-975AE18CB24D}.Release|Any CPU.Build.0 = Release|Any CPU
	EndGlobalSection
	GlobalSection(SolutionProperties) = preSolution
		HideSolutionNode = FALSE
	EndGlobalSection
	GlobalSection(ExtensibilityGlobals) = postSolution
		SolutionGuid = {E7AF8B65-75FA-4365-A907-569B441DBB71}
	EndGlobalSection
EndGlobal
